
Microsoft Visual Studio Solution File, Format Version 12.00
Project("{FAE04EC0-301F-11D3-BF4B-00C04F79EFBC}") = "OmniUser.Domain", "src\OmniUser.Domain\OmniUser.Domain.csproj", "{4DBCEF12-25BA-4CAD-A115-FCB5D246A0E7}"
EndProject
Project("{FAE04EC0-301F-11D3-BF4B-00C04F79EFBC}") = "OmniUser.API", "src\OmniUser.API\OmniUser.API.csproj", "{31ED8379-4D1F-4387-85A2-9182BF9ED1AA}"
EndProject
Project("{FAE04EC0-301F-11D3-BF4B-00C04F79EFBC}") = "OmniUser.Infrastructure", "src\OmniUser.Infrastructure\OmniUser.Infrastructure.csproj", "{86F0EC39-0D7E-4B58-8C79-960C58E24D49}"
EndProject
Project("{FAE04EC0-301F-11D3-BF4B-00C04F79EFBC}") = "OmniUser.Tests", "tests\OmniUser.Tests\OmniUser.Tests.csproj", "{5E023390-0FD2-47B4-982B-313DF10AB07F}"
EndProject
Project("{2150E333-8FDC-42A3-9474-1A3956D46DE8}") = "source", "source", "{F663FD0E-3898-4A13-AF0C-EF501EDF6C56}"
EndProject
Project("{2150E333-8FDC-42A3-9474-1A3956D46DE8}") = "tests", "tests", "{82898FA8-583B-4C59-B519-92137341D521}"
EndProject
Project("{FAE04EC0-301F-11D3-BF4B-00C04F79EFBC}") = "OmniUser.Jobs", "src\OmniUser.Jobs\OmniUser.Jobs.csproj", "{53F34B1F-ACB9-4B07-894A-A9E150DD0BBF}"
EndProject
Global
	GlobalSection(SolutionConfigurationPlatforms) = preSolution
		Debug|Any CPU = Debug|Any CPU
		Release|Any CPU = Release|Any CPU
	EndGlobalSection
	GlobalSection(ProjectConfigurationPlatforms) = postSolution
		{4DBCEF12-25BA-4CAD-A115-FCB5D246A0E7}.Debug|Any CPU.ActiveCfg = Debug|Any CPU
		{4DBCEF12-25BA-4CAD-A115-FCB5D246A0E7}.Debug|Any CPU.Build.0 = Debug|Any CPU
		{4DBCEF12-25BA-4CAD-A115-FCB5D246A0E7}.Release|Any CPU.ActiveCfg = Release|Any CPU
		{4DBCEF12-25BA-4CAD-A115-FCB5D246A0E7}.Release|Any CPU.Build.0 = Release|Any CPU
		{31ED8379-4D1F-4387-85A2-9182BF9ED1AA}.Debug|Any CPU.ActiveCfg = Debug|Any CPU
		{31ED8379-4D1F-4387-85A2-9182BF9ED1AA}.Debug|Any CPU.Build.0 = Debug|Any CPU
		{31ED8379-4D1F-4387-85A2-9182BF9ED1AA}.Release|Any CPU.ActiveCfg = Release|Any CPU
		{31ED8379-4D1F-4387-85A2-9182BF9ED1AA}.Release|Any CPU.Build.0 = Release|Any CPU
		{86F0EC39-0D7E-4B58-8C79-960C58E24D49}.Debug|Any CPU.ActiveCfg = Debug|Any CPU
		{86F0EC39-0D7E-4B58-8C79-960C58E24D49}.Debug|Any CPU.Build.0 = Debug|Any CPU
		{86F0EC39-0D7E-4B58-8C79-960C58E24D49}.Release|Any CPU.ActiveCfg = Release|Any CPU
		{86F0EC39-0D7E-4B58-8C79-960C58E24D49}.Release|Any CPU.Build.0 = Release|Any CPU
		{5E023390-0FD2-47B4-982B-313DF10AB07F}.Debug|Any CPU.ActiveCfg = Debug|Any CPU
		{5E023390-0FD2-47B4-982B-313DF10AB07F}.Debug|Any CPU.Build.0 = Debug|Any CPU
		{5E023390-0FD2-47B4-982B-313DF10AB07F}.Release|Any CPU.ActiveCfg = Release|Any CPU
		{5E023390-0FD2-47B4-982B-313DF10AB07F}.Release|Any CPU.Build.0 = Release|Any CPU
		{53F34B1F-ACB9-4B07-894A-A9E150DD0BBF}.Debug|Any CPU.ActiveCfg = Debug|Any CPU
		{53F34B1F-ACB9-4B07-894A-A9E150DD0BBF}.Debug|Any CPU.Build.0 = Debug|Any CPU
		{53F34B1F-ACB9-4B07-894A-A9E150DD0BBF}.Release|Any CPU.ActiveCfg = Release|Any CPU
		{53F34B1F-ACB9-4B07-894A-A9E150DD0BBF}.Release|Any CPU.Build.0 = Release|Any CPU
	EndGlobalSection
	GlobalSection(NestedProjects) = preSolution
		{31ED8379-4D1F-4387-85A2-9182BF9ED1AA} = {F663FD0E-3898-4A13-AF0C-EF501EDF6C56}
		{4DBCEF12-25BA-4CAD-A115-FCB5D246A0E7} = {F663FD0E-3898-4A13-AF0C-EF501EDF6C56}
		{86F0EC39-0D7E-4B58-8C79-960C58E24D49} = {F663FD0E-3898-4A13-AF0C-EF501EDF6C56}
		{5E023390-0FD2-47B4-982B-313DF10AB07F} = {82898FA8-583B-4C59-B519-92137341D521}
		{53F34B1F-ACB9-4B07-894A-A9E150DD0BBF} = {F663FD0E-3898-4A13-AF0C-EF501EDF6C56}
	EndGlobalSection
EndGlobal
